
Microsoft Visual Studio Solution File, Format Version 12.00
# Visual Studio Version 16
VisualStudioVersion = 16.0.32228.343
MinimumVisualStudioVersion = 10.0.40219.1
Project("{FAE04EC0-301F-11D3-BF4B-00C04F79EFBC}") = "ProductionLogButtonApp", "ProductionLogButtonApp\ProductionLogButtonApp.csproj", "{0D899549-37F0-4D53-B02B-9D2CA69E291C}"
EndProject
Global
	GlobalSection(SolutionConfigurationPlatforms) = preSolution
		Debug|Any CPU = Debug|Any CPU
		Release|Any CPU = Release|Any CPU
	EndGlobalSection
	GlobalSection(ProjectConfigurationPlatforms) = postSolution
		{0D899549-37F0-4D53-B02B-9D2CA69E291C}.Debug|Any CPU.ActiveCfg = Debug|Any CPU
		{0D899549-37F0-4D53-B02B-9D2CA69E291C}.Debug|Any CPU.Build.0 = Debug|Any CPU
		{0D899549-37F0-4D53-B02B-9D2CA69E291C}.Release|Any CPU.ActiveCfg = Release|Any CPU
		{0D899549-37F0-4D53-B02B-9D2CA69E291C}.Release|Any CPU.Build.0 = Release|Any CPU
	EndGlobalSection
	GlobalSection(SolutionProperties) = preSolution
		HideSolutionNode = FALSE
	EndGlobalSection
	GlobalSection(ExtensibilityGlobals) = postSolution
		SolutionGuid = {659988DB-2B5A-4B93-931D-CC693C4FEC37}
	EndGlobalSection
EndGlobal
